
Microsoft Visual Studio Solution File, Format Version 12.00
# Visual Studio 15
VisualStudioVersion = 15.0.27703.2000
MinimumVisualStudioVersion = 10.0.40219.1
Project("{8BC9CEB8-8B4A-11D0-8D11-00A0C91BC942}") = "TrainAndTest", "TrainAndTest.vcxproj", "{3B4B8770-EFF4-4554-BE81-2A5E7DE27E26}"
EndProject
Global
	GlobalSection(SolutionConfigurationPlatforms) = preSolution
		Debug|x64 = Debug|x64
		Debug|x86 = Debug|x86
		Release|x64 = Release|x64
		Release|x86 = Release|x86
	EndGlobalSection
	GlobalSection(ProjectConfigurationPlatforms) = postSolution
		{3B4B8770-EFF4-4554-BE81-2A5E7DE27E26}.Debug|x64.ActiveCfg = Debug|x64
		{3B4B8770-EFF4-4554-BE81-2A5E7DE27E26}.Debug|x64.Build.0 = Debug|x64
		{3B4B8770-EFF4-4554-BE81-2A5E7DE27E26}.Debug|x86.ActiveCfg = Debug|Win32
		{3B4B8770-EFF4-4554-BE81-2A5E7DE27E26}.Debug|x86.Build.0 = Debug|Win32
		{3B4B8770-EFF4-4554-BE81-2A5E7DE27E26}.Release|x64.ActiveCfg = Release|x64
		{3B4B8770-EFF4-4554-BE81-2A5E7DE27E26}.Release|x64.Build.0 = Release|x64
		{3B4B8770-EFF4-4554-BE81-2A5E7DE27E26}.Release|x86.ActiveCfg = Release|Win32
		{3B4B8770-EFF4-4554-BE81-2A5E7DE27E26}.Release|x86.Build.0 = Release|Win32
	EndGlobalSection
	GlobalSection(SolutionProperties) = preSolution
		HideSolutionNode = FALSE
	EndGlobalSection
	GlobalSection(ExtensibilityGlobals) = postSolution
		SolutionGuid = {20B7A5AA-3FD3-4D79-B45A-7AB24B985B25}
	EndGlobalSection
EndGlobal
